// !$*UTF8*$!
{
	archiveVersion = 1;
	classes = {
	};
	objectVersion = 50;
	objects = {

/* Begin PBXBuildFile section */
		9589BCC82592019700A7AE80 /* TaskListAppInSwiftUIApp.swift in Sources */ = {isa = PBXBuildFile; fileRef = 9589BCC72592019700A7AE80 /* TaskListAppInSwiftUIApp.swift */; };
		9589BCCA2592019700A7AE80 /* ContentView.swift in Sources */ = {isa = PBXBuildFile; fileRef = 9589BCC92592019700A7AE80 /* ContentView.swift */; };
		9589BCCC2592019900A7AE80 /* Assets.xcassets in Resources */ = {isa = PBXBuildFile; fileRef = 9589BCCB2592019900A7AE80 /* Assets.xcassets */; };
		9589BCCF2592019900A7AE80 /* Preview Assets.xcassets in Resources */ = {isa = PBXBuildFile; fileRef = 9589BCCE2592019900A7AE80 /* Preview Assets.xcassets */; };
		9589BCD92592024E00A7AE80 /* TaskDataModel.swift in Sources */ = {isa = PBXBuildFile; fileRef = 9589BCD82592024E00A7AE80 /* TaskDataModel.swift */; };
		9589BCDD2592028E00A7AE80 /* TasksStore.swift in Sources */ = {isa = PBXBuildFile; fileRef = 9589BCDC2592028E00A7AE80 /* TasksStore.swift */; };
		9589BCE025920D8C00A7AE80 /* NewTask.swift in Sources */ = {isa = PBXBuildFile; fileRef = 9589BCDF25920D8C00A7AE80 /* NewTask.swift */; };
		9589BCE6259319CC00A7AE80 /* RowView.swift in Sources */ = {isa = PBXBuildFile; fileRef = 9589BCE5259319CC00A7AE80 /* RowView.swift */; };
/* End PBXBuildFile section */

/* Begin PBXFileReference section */
		9589BCC42592019700A7AE80 /* TaskListAppInSwiftUI.app */ = {isa = PBXFileReference; explicitFileType = wrapper.application; includeInIndex = 0; path = TaskListAppInSwiftUI.app; sourceTree = BUILT_PRODUCTS_DIR; };
		9589BCC72592019700A7AE80 /* TaskListAppInSwiftUIApp.swift */ = {isa = PBXFileReference; lastKnownFileType = sourcecode.swift; path = TaskListAppInSwiftUIApp.swift; sourceTree = "<group>"; };
		9589BCC92592019700A7AE80 /* ContentView.swift */ = {isa = PBXFileReference; lastKnownFileType = sourcecode.swift; path = ContentView.swift; sourceTree = "<group>"; };
		9589BCCB2592019900A7AE80 /* Assets.xcassets */ = {isa = PBXFileReference; lastKnownFileType = folder.assetcatalog; path = Assets.xcassets; sourceTree = "<group>"; };
		9589BCCE2592019900A7AE80 /* Preview Assets.xcassets */ = {isa = PBXFileReference; lastKnownFileType = folder.assetcatalog; path = "Preview Assets.xcassets"; sourceTree = "<group>"; };
		9589BCD02592019900A7AE80 /* Info.plist */ = {isa = PBXFileReference; lastKnownFileType = text.plist.xml; path = Info.plist; sourceTree = "<group>"; };
		9589BCD82592024E00A7AE80 /* TaskDataModel.swift */ = {isa = PBXFileReference; lastKnownFileType = sourcecode.swift; path = TaskDataModel.swift; sourceTree = "<group>"; };
		9589BCDC2592028E00A7AE80 /* TasksStore.swift */ = {isa = PBXFileReference; lastKnownFileType = sourcecode.swift; path = TasksStore.swift; sourceTree = "<group>"; };
		9589BCDF25920D8C00A7AE80 /* NewTask.swift */ = {isa = PBXFileReference; lastKnownFileType = sourcecode.swift; path = NewTask.swift; sourceTree = "<group>"; };
		9589BCE5259319CC00A7AE80 /* RowView.swift */ = {isa = PBXFileReference; lastKnownFileType = sourcecode.swift; path = RowView.swift; sourceTree = "<group>"; };
/* End PBXFileReference section */

/* Begin PBXFrameworksBuildPhase section */
		9589BCC12592019700A7AE80 /* Frameworks */ = {
			isa = PBXFrameworksBuildPhase;
			buildActionMask = 2147483647;
			files = (
			);
			runOnlyForDeploymentPostprocessing = 0;
		};
/* End PBXFrameworksBuildPhase section */

/* Begin PBXGroup section */
		9589BCBB2592019700A7AE80 = {
			isa = PBXGroup;
			children = (
				9589BCC62592019700A7AE80 /* TaskListAppInSwiftUI */,
				9589BCC52592019700A7AE80 /* Products */,
			);
			sourceTree = "<group>";
		};
		9589BCC52592019700A7AE80 /* Products */ = {
			isa = PBXGroup;
			children = (
				9589BCC42592019700A7AE80 /* TaskListAppInSwiftUI.app */,
			);
			name = Products;
			sourceTree = "<group>";
		};
		9589BCC62592019700A7AE80 /* TaskListAppInSwiftUI */ = {
			isa = PBXGroup;
			children = (
				9589BCD72592023100A7AE80 /* Models */,
				9589BCC72592019700A7AE80 /* TaskListAppInSwiftUIApp.swift */,
				9589BCE225920DA100A7AE80 /* Views */,
				9589BCCB2592019900A7AE80 /* Assets.xcassets */,
				9589BCD02592019900A7AE80 /* Info.plist */,
				9589BCCD2592019900A7AE80 /* Preview Content */,
			);
			path = TaskListAppInSwiftUI;
			sourceTree = "<group>";
		};
		9589BCCD2592019900A7AE80 /* Preview Content */ = {
			isa = PBXGroup;
			children = (
				9589BCCE2592019900A7AE80 /* Preview Assets.xcassets */,
			);
			path = "Preview Content";
			sourceTree = "<group>";
		};
		9589BCD72592023100A7AE80 /* Models */ = {
			isa = PBXGroup;
			children = (
				9589BCD82592024E00A7AE80 /* TaskDataModel.swift */,
				9589BCDC2592028E00A7AE80 /* TasksStore.swift */,
			);
			path = Models;
			sourceTree = "<group>";
		};
		9589BCE225920DA100A7AE80 /* Views */ = {
			isa = PBXGroup;
			children = (
				9589BCDF25920D8C00A7AE80 /* NewTask.swift */,
				9589BCC92592019700A7AE80 /* ContentView.swift */,
				9589BCE5259319CC00A7AE80 /* RowView.swift */,
			);
			path = Views;
			sourceTree = "<group>";
		};
/* End PBXGroup section */

/* Begin PBXNativeTarget section */
		9589BCC32592019700A7AE80 /* TaskListAppInSwiftUI */ = {
			isa = PBXNativeTarget;
			buildConfigurationList = 9589BCD32592019900A7AE80 /* Build configuration list for PBXNativeTarget "TaskListAppInSwiftUI" */;
			buildPhases = (
				9589BCC02592019700A7AE80 /* Sources */,
				9589BCC12592019700A7AE80 /* Frameworks */,
				9589BCC22592019700A7AE80 /* Resources */,
			);
			buildRules = (
			);
			dependencies = (
			);
			name = TaskListAppInSwiftUI;
			productName = TaskListAppInSwiftUI;
			productReference = 9589BCC42592019700A7AE80 /* TaskListAppInSwiftUI.app */;
			productType = "com.apple.product-type.application";
		};
/* End PBXNativeTarget section */

/* Begin PBXProject section */
		9589BCBC2592019700A7AE80 /* Project object */ = {
			isa = PBXProject;
			attributes = {
				LastSwiftUpdateCheck = 1230;
				LastUpgradeCheck = 1230;
				TargetAttributes = {
					9589BCC32592019700A7AE80 = {
						CreatedOnToolsVersion = 12.3;
					};
				};
			};
			buildConfigurationList = 9589BCBF2592019700A7AE80 /* Build configuration list for PBXProject "TaskListAppInSwiftUI" */;
			compatibilityVersion = "Xcode 9.3";
			developmentRegion = en;
			hasScannedForEncodings = 0;
			knownRegions = (
				en,
				Base,
			);
			mainGroup = 9589BCBB2592019700A7AE80;
			productRefGroup = 9589BCC52592019700A7AE80 /* Products */;
			projectDirPath = "";
			projectRoot = "";
			targets = (
				9589BCC32592019700A7AE80 /* TaskListAppInSwiftUI */,
			);
		};
/* End PBXProject section */

/* Begin PBXResourcesBuildPhase section */
		9589BCC22592019700A7AE80 /* Resources */ = {
			isa = PBXResourcesBuildPhase;
			buildActionMask = 2147483647;
			files = (
				9589BCCF2592019900A7AE80 /* Preview Assets.xcassets in Resources */,
				9589BCCC2592019900A7AE80 /* Assets.xcassets in Resources */,
			);
			runOnlyForDeploymentPostprocessing = 0;
		};
/* End PBXResourcesBuildPhase section */

/* Begin PBXSourcesBuildPhase section */
		9589BCC02592019700A7AE80 /* Sources */ = {
			isa = PBXSourcesBuildPhase;
			buildActionMask = 2147483647;
			files = (
				9589BCD92592024E00A7AE80 /* TaskDataModel.swift in Sources */,
				9589BCE6259319CC00A7AE80 /* RowView.swift in Sources */,
				9589BCCA2592019700A7AE80 /* ContentView.swift in Sources */,
				9589BCE025920D8C00A7AE80 /* NewTask.swift in Sources */,
				9589BCDD2592028E00A7AE80 /* TasksStore.swift in Sources */,
				9589BCC82592019700A7AE80 /* TaskListAppInSwiftUIApp.swift in Sources */,
			);
			runOnlyForDeploymentPostprocessing = 0;
		};
/* End PBXSourcesBuildPhase section */

/* Begin XCBuildConfiguration section */
		9589BCD12592019900A7AE80 /* Debug */ = {
			isa = XCBuildConfiguration;
			buildSettings = {
				ALWAYS_SEARCH_USER_PATHS = NO;
				CLANG_ANALYZER_NONNULL = YES;
				CLANG_ANALYZER_NUMBER_OBJECT_CONVERSION = YES_AGGRESSIVE;
				CLANG_CXX_LANGUAGE_STANDARD = "gnu++14";
				CLANG_CXX_LIBRARY = "libc++";
				CLANG_ENABLE_MODULES = YES;
				CLANG_ENABLE_OBJC_ARC = YES;
				CLANG_ENABLE_OBJC_WEAK = YES;
				CLANG_WARN_BLOCK_CAPTURE_AUTORELEASING = YES;
				CLANG_WARN_BOOL_CONVERSION = YES;
				CLANG_WARN_COMMA = YES;
				CLANG_WARN_CONSTANT_CONVERSION = YES;
				CLANG_WARN_DEPRECATED_OBJC_IMPLEMENTATIONS = YES;
				CLANG_WARN_DIRECT_OBJC_ISA_USAGE = YES_ERROR;
				CLANG_WARN_DOCUMENTATION_COMMENTS = YES;
				CLANG_WARN_EMPTY_BODY = YES;
				CLANG_WARN_ENUM_CONVERSION = YES;
				CLANG_WARN_INFINITE_RECURSION = YES;
				CLANG_WARN_INT_CONVERSION = YES;
				CLANG_WARN_NON_LITERAL_NULL_CONVERSION = YES;
				CLANG_WARN_OBJC_IMPLICIT_RETAIN_SELF = YES;
				CLANG_WARN_OBJC_LITERAL_CONVERSION = YES;
				CLANG_WARN_OBJC_ROOT_CLASS = YES_ERROR;
				CLANG_WARN_QUOTED_INCLUDE_IN_FRAMEWORK_HEADER = YES;
				CLANG_WARN_RANGE_LOOP_ANALYSIS = YES;
				CLANG_WARN_STRICT_PROTOTYPES = YES;
				CLANG_WARN_SUSPICIOUS_MOVE = YES;
				CLANG_WARN_UNGUARDED_AVAILABILITY = YES_AGGRESSIVE;
				CLANG_WARN_UNREACHABLE_CODE = YES;
				CLANG_WARN__DUPLICATE_METHOD_MATCH = YES;
				COPY_PHASE_STRIP = NO;
				DEBUG_INFORMATION_FORMAT = dwarf;
				ENABLE_STRICT_OBJC_MSGSEND = YES;
				ENABLE_TESTABILITY = YES;
				GCC_C_LANGUAGE_STANDARD = gnu11;
				GCC_DYNAMIC_NO_PIC = NO;
				GCC_NO_COMMON_BLOCKS = YES;
				GCC_OPTIMIZATION_LEVEL = 0;
				GCC_PREPROCESSOR_DEFINITIONS = (
					"DEBUG=1",
					"$(inherited)",
				);
				GCC_WARN_64_TO_32_BIT_CONVERSION = YES;
				GCC_WARN_ABOUT_RETURN_TYPE = YES_ERROR;
				GCC_WARN_UNDECLARED_SELECTOR = YES;
				GCC_WARN_UNINITIALIZED_AUTOS = YES_AGGRESSIVE;
				GCC_WARN_UNUSED_FUNCTION = YES;
				GCC_WARN_UNUSED_VARIABLE = YES;
				IPHONEOS_DEPLOYMENT_TARGET = 14.3;
				MTL_ENABLE_DEBUG_INFO = INCLUDE_SOURCE;
				MTL_FAST_MATH = YES;
				ONLY_ACTIVE_ARCH = YES;
				SDKROOT = iphoneos;
				SWIFT_ACTIVE_COMPILATION_CONDITIONS = DEBUG;
				SWIFT_OPTIMIZATION_LEVEL = "-Onone";
			};
			name = Debug;
		};
		9589BCD22592019900A7AE80 /* Release */ = {
			isa = XCBuildConfiguration;
			buildSettings = {
				ALWAYS_SEARCH_USER_PATHS = NO;
				CLANG_ANALYZER_NONNULL = YES;
				CLANG_ANALYZER_NUMBER_OBJECT_CONVERSION = YES_AGGRESSIVE;
				CLANG_CXX_LANGUAGE_STANDARD = "gnu++14";
				CLANG_CXX_LIBRARY = "libc++";
				CLANG_ENABLE_MODULES = YES;
				CLANG_ENABLE_OBJC_ARC = YES;
				CLANG_ENABLE_OBJC_WEAK = YES;
				CLANG_WARN_BLOCK_CAPTURE_AUTORELEASING = YES;
				CLANG_WARN_BOOL_CONVERSION = YES;
				CLANG_WARN_COMMA = YES;
				CLANG_WARN_CONSTANT_CONVERSION = YES;
				CLANG_WARN_DEPRECATED_OBJC_IMPLEMENTATIONS = YES;
				CLANG_WARN_DIRECT_OBJC_ISA_USAGE = YES_ERROR;
				CLANG_WARN_DOCUMENTATION_COMMENTS = YES;
				CLANG_WARN_EMPTY_BODY = YES;
				CLANG_WARN_ENUM_CONVERSION = YES;
				CLANG_WARN_INFINITE_RECURSION = YES;
				CLANG_WARN_INT_CONVERSION = YES;
				CLANG_WARN_NON_LITERAL_NULL_CONVERSION = YES;
				CLANG_WARN_OBJC_IMPLICIT_RETAIN_SELF = YES;
				CLANG_WARN_OBJC_LITERAL_CONVERSION = YES;
				CLANG_WARN_OBJC_ROOT_CLASS = YES_ERROR;
				CLANG_WARN_QUOTED_INCLUDE_IN_FRAMEWORK_HEADER = YES;
				CLANG_WARN_RANGE_LOOP_ANALYSIS = YES;
				CLANG_WARN_STRICT_PROTOTYPES = YES;
				CLANG_WARN_SUSPICIOUS_MOVE = YES;
				CLANG_WARN_UNGUARDED_AVAILABILITY = YES_AGGRESSIVE;
				CLANG_WARN_UNREACHABLE_CODE = YES;
				CLANG_WARN__DUPLICATE_METHOD_MATCH = YES;
				COPY_PHASE_STRIP = NO;
				DEBUG_INFORMATION_FORMAT = "dwarf-with-dsym";
				ENABLE_NS_ASSERTIONS = NO;
				ENABLE_STRICT_OBJC_MSGSEND = YES;
				GCC_C_LANGUAGE_STANDARD = gnu11;
				GCC_NO_COMMON_BLOCKS = YES;
				GCC_WARN_64_TO_32_BIT_CONVERSION = YES;
				GCC_WARN_ABOUT_RETURN_TYPE = YES_ERROR;
				GCC_WARN_UNDECLARED_SELECTOR = YES;
				GCC_WARN_UNINITIALIZED_AUTOS = YES_AGGRESSIVE;
				GCC_WARN_UNUSED_FUNCTION = YES;
				GCC_WARN_UNUSED_VARIABLE = YES;
				IPHONEOS_DEPLOYMENT_TARGET = 14.3;
				MTL_ENABLE_DEBUG_INFO = NO;
				MTL_FAST_MATH = YES;
				SDKROOT = iphoneos;
				SWIFT_COMPILATION_MODE = wholemodule;
				SWIFT_OPTIMIZATION_LEVEL = "-O";
				VALIDATE_PRODUCT = YES;
			};
			name = Release;
		};
		9589BCD42592019900A7AE80 /* Debug */ = {
			isa = XCBuildConfiguration;
			buildSettings = {
				ASSETCATALOG_COMPILER_APPICON_NAME = AppIcon;
				ASSETCATALOG_COMPILER_GLOBAL_ACCENT_COLOR_NAME = AccentColor;
				CODE_SIGN_STYLE = Automatic;
				DEVELOPMENT_ASSET_PATHS = "\"TaskListAppInSwiftUI/Preview Content\"";
				DEVELOPMENT_TEAM = L8W86DZDY2;
				ENABLE_PREVIEWS = YES;
				INFOPLIST_FILE = TaskListAppInSwiftUI/Info.plist;
				IPHONEOS_DEPLOYMENT_TARGET = 14.0;
				LD_RUNPATH_SEARCH_PATHS = (
					"$(inherited)",
					"@executable_path/Frameworks",
				);
				PRODUCT_BUNDLE_IDENTIFIER = com.ri.TaskListAppInSwiftUI;
				PRODUCT_NAME = "$(TARGET_NAME)";
				SWIFT_VERSION = 5.0;
				TARGETED_DEVICE_FAMILY = "1,2";
			};
			name = Debug;
		};
		9589BCD52592019900A7AE80 /* Release */ = {
			isa = XCBuildConfiguration;
			buildSettings = {
				ASSETCATALOG_COMPILER_APPICON_NAME = AppIcon;
				ASSETCATALOG_COMPILER_GLOBAL_ACCENT_COLOR_NAME = AccentColor;
				CODE_SIGN_STYLE = Automatic;
				DEVELOPMENT_ASSET_PATHS = "\"TaskListAppInSwiftUI/Preview Content\"";
				DEVELOPMENT_TEAM = L8W86DZDY2;
				ENABLE_PREVIEWS = YES;
				INFOPLIST_FILE = TaskListAppInSwiftUI/Info.plist;
				IPHONEOS_DEPLOYMENT_TARGET = 14.0;
				LD_RUNPATH_SEARCH_PATHS = (
					"$(inherited)",
					"@executable_path/Frameworks",
				);
				PRODUCT_BUNDLE_IDENTIFIER = com.ri.TaskListAppInSwiftUI;
				PRODUCT_NAME = "$(TARGET_NAME)";
				SWIFT_VERSION = 5.0;
				TARGETED_DEVICE_FAMILY = "1,2";
			};
			name = Release;
		};
/* End XCBuildConfiguration section */

/* Begin XCConfigurationList section */
		9589BCBF2592019700A7AE80 /* Build configuration list for PBXProject "TaskListAppInSwiftUI" */ = {
			isa = XCConfigurationList;
			buildConfigurations = (
				9589BCD12592019900A7AE80 /* Debug */,
				9589BCD22592019900A7AE80 /* Release */,
			);
			defaultConfigurationIsVisible = 0;
			defaultConfigurationName = Release;
		};
		9589BCD32592019900A7AE80 /* Build configuration list for PBXNativeTarget "TaskListAppInSwiftUI" */ = {
			isa = XCConfigurationList;
			buildConfigurations = (
				9589BCD42592019900A7AE80 /* Debug */,
				9589BCD52592019900A7AE80 /* Release */,
			);
			defaultConfigurationIsVisible = 0;
			defaultConfigurationName = Release;
		};
/* End XCConfigurationList section */
	};
	rootObject = 9589BCBC2592019700A7AE80 /* Project object */;
}
